
Microsoft Visual Studio Solution File, Format Version 11.00
# Visual Studio 2010
Project("{FAE04EC0-301F-11D3-BF4B-00C04F79EFBC}") = "Service Client", "Service Client\Service Client.csproj", "{68CD6028-8336-4A07-AE4D-3C9303B015E8}"
EndProject
Project("{FAE04EC0-301F-11D3-BF4B-00C04F79EFBC}") = "WCF Service", "WCF Service\WCF Service.csproj", "{D2BA6927-FB40-4C4A-A7F2-B31D4EB91F37}"
EndProject
Project("{FAE04EC0-301F-11D3-BF4B-00C04F79EFBC}") = "Windows UI", "Windows UI\Windows UI.csproj", "{970A0B8E-23F2-4755-B44B-0FA1F0735A80}"
EndProject
Project("{E24C65DC-7377-472B-9ABA-BC803B73C61A}") = "Web UI", "Web UI", "{B558113E-FDC9-4722-A5BF-D8DFD331FDAF}"
	ProjectSection(WebsiteProperties) = preProject
		SccProjectName = "SAK"
		SccAuxPath = "SAK"
		SccLocalPath = "SAK"
		SccProvider = "SAK"
		TargetFrameworkMoniker = ".NETFramework,Version%3Dv4.0"
		ProjectReferences = "{68CD6028-8336-4A07-AE4D-3C9303B015E8}|SiProd.Applications.XEMail.ServiceClient.dll;"
		Debug.AspNetCompiler.VirtualPath = "/Web UI"
		Debug.AspNetCompiler.PhysicalPath = "Web UI\"
		Debug.AspNetCompiler.TargetPath = "PrecompiledWeb\Web UI\"
		Debug.AspNetCompiler.Updateable = "true"
		Debug.AspNetCompiler.ForceOverwrite = "true"
		Debug.AspNetCompiler.FixedNames = "false"
		Debug.AspNetCompiler.Debug = "True"
		Release.AspNetCompiler.VirtualPath = "/Web UI"
		Release.AspNetCompiler.PhysicalPath = "Web UI\"
		Release.AspNetCompiler.TargetPath = "PrecompiledWeb\Web UI\"
		Release.AspNetCompiler.Updateable = "true"
		Release.AspNetCompiler.ForceOverwrite = "true"
		Release.AspNetCompiler.FixedNames = "false"
		Release.AspNetCompiler.Debug = "False"
		VWDPort = "1378"
	EndProjectSection
EndProject
Project("{E24C65DC-7377-472B-9ABA-BC803B73C61A}") = "Web Service", "Web Service", "{346BD1C9-4ABF-41B2-98A9-CE650531043F}"
	ProjectSection(WebsiteProperties) = preProject
		SccProjectName = "SAK"
		SccAuxPath = "SAK"
		SccLocalPath = "SAK"
		SccProvider = "SAK"
		TargetFrameworkMoniker = ".NETFramework,Version%3Dv4.0"
		ProjectReferences = "{68CD6028-8336-4A07-AE4D-3C9303B015E8}|BAFactory.XEMail.ServiceClient.dll;"
		Debug.AspNetCompiler.VirtualPath = "/Web Service"
		Debug.AspNetCompiler.PhysicalPath = "Web Service\"
		Debug.AspNetCompiler.TargetPath = "PrecompiledWeb\Web Service\"
		Debug.AspNetCompiler.Updateable = "true"
		Debug.AspNetCompiler.ForceOverwrite = "true"
		Debug.AspNetCompiler.FixedNames = "false"
		Debug.AspNetCompiler.Debug = "True"
		Release.AspNetCompiler.VirtualPath = "/Web Service"
		Release.AspNetCompiler.PhysicalPath = "Web Service\"
		Release.AspNetCompiler.TargetPath = "PrecompiledWeb\Web Service\"
		Release.AspNetCompiler.Updateable = "true"
		Release.AspNetCompiler.ForceOverwrite = "true"
		Release.AspNetCompiler.FixedNames = "false"
		Release.AspNetCompiler.Debug = "False"
		VWDPort = "1037"
	EndProjectSection
EndProject
Project("{E24C65DC-7377-472B-9ABA-BC803B73C61A}") = "Free Web Access", "Free Web Access", "{7E954C6F-7C62-44C1-88A7-195EF5E9E45C}"
	ProjectSection(WebsiteProperties) = preProject
		SccProjectName = "SAK"
		SccAuxPath = "SAK"
		SccLocalPath = "SAK"
		SccProvider = "SAK"
		TargetFrameworkMoniker = ".NETFramework,Version%3Dv4.0"
		Debug.AspNetCompiler.VirtualPath = "/Free Web Access"
		Debug.AspNetCompiler.PhysicalPath = "Free Web Access\"
		Debug.AspNetCompiler.TargetPath = "PrecompiledWeb\Free Web Access\"
		Debug.AspNetCompiler.Updateable = "true"
		Debug.AspNetCompiler.ForceOverwrite = "true"
		Debug.AspNetCompiler.FixedNames = "false"
		Debug.AspNetCompiler.Debug = "True"
		Release.AspNetCompiler.VirtualPath = "/Free Web Access"
		Release.AspNetCompiler.PhysicalPath = "Free Web Access\"
		Release.AspNetCompiler.TargetPath = "PrecompiledWeb\Free Web Access\"
		Release.AspNetCompiler.Updateable = "true"
		Release.AspNetCompiler.ForceOverwrite = "true"
		Release.AspNetCompiler.FixedNames = "false"
		Release.AspNetCompiler.Debug = "False"
		VWDPort = "1038"
	EndProjectSection
EndProject
Project("{FAE04EC0-301F-11D3-BF4B-00C04F79EFBC}") = "WPF UI", "WPF UI\WPF UI.csproj", "{C5E9564D-26DB-417C-9D57-6A136A8AE6BA}"
EndProject
Project("{FAE04EC0-301F-11D3-BF4B-00C04F79EFBC}") = "Console Application", "Console Application\Console Application.csproj", "{21EB34A1-AB30-42EC-8C9C-9C2F494B52D0}"
	ProjectSection(ProjectDependencies) = postProject
		{346BD1C9-4ABF-41B2-98A9-CE650531043F} = {346BD1C9-4ABF-41B2-98A9-CE650531043F}
	EndProjectSection
EndProject
Global
	GlobalSection(TeamFoundationVersionControl) = preSolution
		SccNumberOfProjects = 9
		SccEnterpriseProvider = {4CA58AB2-18FA-4F8D-95D4-32DDF27D184C}
		SccTeamFoundationServer = https://tfs.codeplex.com/tfs/tfs05
		SccLocalPath0 = .
		SccProjectUniqueName1 = Console\u0020Application\\Console\u0020Application.csproj
		SccProjectName1 = Console\u0020Application
		SccLocalPath1 = Console\u0020Application
		SccWebProject2 = true
		SccProjectUniqueName2 = Free\u0020Web\u0020Access
		SccProjectName2 = Free\u0020Web\u0020Access
		SccLocalPath2 = Free\u0020Web\u0020Access
		SccProjectEnlistmentChoice2 = 2
		SccProjectUniqueName3 = Service\u0020Client\\Service\u0020Client.csproj
		SccProjectName3 = Service\u0020Client
		SccLocalPath3 = Service\u0020Client
		SccProjectUniqueName4 = WCF\u0020Service\\WCF\u0020Service.csproj
		SccProjectName4 = WCF\u0020Service
		SccLocalPath4 = WCF\u0020Service
		SccWebProject5 = true
		SccProjectUniqueName5 = Web\u0020Service
		SccProjectName5 = Web\u0020Service
		SccLocalPath5 = Web\u0020Service
		SccProjectEnlistmentChoice5 = 2
		SccWebProject6 = true
		SccProjectUniqueName6 = Web\u0020UI
		SccProjectName6 = Web\u0020UI
		SccLocalPath6 = Web\u0020UI
		SccProjectEnlistmentChoice6 = 2
		SccProjectUniqueName7 = Windows\u0020UI\\Windows\u0020UI.csproj
		SccProjectName7 = Windows\u0020UI
		SccLocalPath7 = Windows\u0020UI
		SccProjectUniqueName8 = WPF\u0020UI\\WPF\u0020UI.csproj
		SccProjectName8 = WPF\u0020UI
		SccLocalPath8 = WPF\u0020UI
	EndGlobalSection
	GlobalSection(SolutionConfigurationPlatforms) = preSolution
		Debug|.NET = Debug|.NET
		Debug|Any CPU = Debug|Any CPU
		Debug|Mixed Platforms = Debug|Mixed Platforms
		Debug|x86 = Debug|x86
		Release|.NET = Release|.NET
		Release|Any CPU = Release|Any CPU
		Release|Mixed Platforms = Release|Mixed Platforms
		Release|x86 = Release|x86
	EndGlobalSection
	GlobalSection(ProjectConfigurationPlatforms) = postSolution
		{68CD6028-8336-4A07-AE4D-3C9303B015E8}.Debug|.NET.ActiveCfg = Debug|Any CPU
		{68CD6028-8336-4A07-AE4D-3C9303B015E8}.Debug|Any CPU.ActiveCfg = Debug|Any CPU
		{68CD6028-8336-4A07-AE4D-3C9303B015E8}.Debug|Any CPU.Build.0 = Debug|Any CPU
		{68CD6028-8336-4A07-AE4D-3C9303B015E8}.Debug|Mixed Platforms.ActiveCfg = Debug|Any CPU
		{68CD6028-8336-4A07-AE4D-3C9303B015E8}.Debug|x86.ActiveCfg = Debug|Any CPU
		{68CD6028-8336-4A07-AE4D-3C9303B015E8}.Release|.NET.ActiveCfg = Release|Any CPU
		{68CD6028-8336-4A07-AE4D-3C9303B015E8}.Release|Any CPU.ActiveCfg = Release|Any CPU
		{68CD6028-8336-4A07-AE4D-3C9303B015E8}.Release|Any CPU.Build.0 = Release|Any CPU
		{68CD6028-8336-4A07-AE4D-3C9303B015E8}.Release|Mixed Platforms.ActiveCfg = Release|Any CPU
		{68CD6028-8336-4A07-AE4D-3C9303B015E8}.Release|Mixed Platforms.Build.0 = Release|Any CPU
		{68CD6028-8336-4A07-AE4D-3C9303B015E8}.Release|x86.ActiveCfg = Release|Any CPU
		{D2BA6927-FB40-4C4A-A7F2-B31D4EB91F37}.Debug|.NET.ActiveCfg = Debug|Any CPU
		{D2BA6927-FB40-4C4A-A7F2-B31D4EB91F37}.Debug|Any CPU.ActiveCfg = Debug|Any CPU
		{D2BA6927-FB40-4C4A-A7F2-B31D4EB91F37}.Debug|Any CPU.Build.0 = Debug|Any CPU
		{D2BA6927-FB40-4C4A-A7F2-B31D4EB91F37}.Debug|Mixed Platforms.ActiveCfg = Debug|Any CPU
		{D2BA6927-FB40-4C4A-A7F2-B31D4EB91F37}.Debug|x86.ActiveCfg = Debug|Any CPU
		{D2BA6927-FB40-4C4A-A7F2-B31D4EB91F37}.Release|.NET.ActiveCfg = Release|Any CPU
		{D2BA6927-FB40-4C4A-A7F2-B31D4EB91F37}.Release|Any CPU.ActiveCfg = Release|Any CPU
		{D2BA6927-FB40-4C4A-A7F2-B31D4EB91F37}.Release|Any CPU.Build.0 = Release|Any CPU
		{D2BA6927-FB40-4C4A-A7F2-B31D4EB91F37}.Release|Mixed Platforms.ActiveCfg = Release|Any CPU
		{D2BA6927-FB40-4C4A-A7F2-B31D4EB91F37}.Release|Mixed Platforms.Build.0 = Release|Any CPU
		{D2BA6927-FB40-4C4A-A7F2-B31D4EB91F37}.Release|x86.ActiveCfg = Release|Any CPU
		{970A0B8E-23F2-4755-B44B-0FA1F0735A80}.Debug|.NET.ActiveCfg = Debug|Any CPU
		{970A0B8E-23F2-4755-B44B-0FA1F0735A80}.Debug|Any CPU.ActiveCfg = Debug|Any CPU
		{970A0B8E-23F2-4755-B44B-0FA1F0735A80}.Debug|Any CPU.Build.0 = Debug|Any CPU
		{970A0B8E-23F2-4755-B44B-0FA1F0735A80}.Debug|Mixed Platforms.ActiveCfg = Debug|Any CPU
		{970A0B8E-23F2-4755-B44B-0FA1F0735A80}.Debug|Mixed Platforms.Build.0 = Debug|Any CPU
		{970A0B8E-23F2-4755-B44B-0FA1F0735A80}.Debug|x86.ActiveCfg = Debug|Any CPU
		{970A0B8E-23F2-4755-B44B-0FA1F0735A80}.Release|.NET.ActiveCfg = Release|Any CPU
		{970A0B8E-23F2-4755-B44B-0FA1F0735A80}.Release|Any CPU.ActiveCfg = Release|Any CPU
		{970A0B8E-23F2-4755-B44B-0FA1F0735A80}.Release|Any CPU.Build.0 = Release|Any CPU
		{970A0B8E-23F2-4755-B44B-0FA1F0735A80}.Release|Mixed Platforms.ActiveCfg = Release|Any CPU
		{970A0B8E-23F2-4755-B44B-0FA1F0735A80}.Release|Mixed Platforms.Build.0 = Release|Any CPU
		{970A0B8E-23F2-4755-B44B-0FA1F0735A80}.Release|x86.ActiveCfg = Release|Any CPU
		{B558113E-FDC9-4722-A5BF-D8DFD331FDAF}.Debug|.NET.ActiveCfg = Debug|Any CPU
		{B558113E-FDC9-4722-A5BF-D8DFD331FDAF}.Debug|Any CPU.ActiveCfg = Debug|Any CPU
		{B558113E-FDC9-4722-A5BF-D8DFD331FDAF}.Debug|Any CPU.Build.0 = Debug|Any CPU
		{B558113E-FDC9-4722-A5BF-D8DFD331FDAF}.Debug|Mixed Platforms.ActiveCfg = Debug|Any CPU
		{B558113E-FDC9-4722-A5BF-D8DFD331FDAF}.Debug|x86.ActiveCfg = Debug|Any CPU
		{B558113E-FDC9-4722-A5BF-D8DFD331FDAF}.Release|.NET.ActiveCfg = Debug|Any CPU
		{B558113E-FDC9-4722-A5BF-D8DFD331FDAF}.Release|Any CPU.ActiveCfg = Debug|Any CPU
		{B558113E-FDC9-4722-A5BF-D8DFD331FDAF}.Release|Any CPU.Build.0 = Debug|Any CPU
		{B558113E-FDC9-4722-A5BF-D8DFD331FDAF}.Release|Mixed Platforms.ActiveCfg = Debug|Any CPU
		{B558113E-FDC9-4722-A5BF-D8DFD331FDAF}.Release|Mixed Platforms.Build.0 = Debug|Any CPU
		{B558113E-FDC9-4722-A5BF-D8DFD331FDAF}.Release|x86.ActiveCfg = Debug|Any CPU
		{346BD1C9-4ABF-41B2-98A9-CE650531043F}.Debug|.NET.ActiveCfg = Debug|Any CPU
		{346BD1C9-4ABF-41B2-98A9-CE650531043F}.Debug|Any CPU.ActiveCfg = Debug|Any CPU
		{346BD1C9-4ABF-41B2-98A9-CE650531043F}.Debug|Any CPU.Build.0 = Debug|Any CPU
		{346BD1C9-4ABF-41B2-98A9-CE650531043F}.Debug|Mixed Platforms.ActiveCfg = Debug|Any CPU
		{346BD1C9-4ABF-41B2-98A9-CE650531043F}.Debug|x86.ActiveCfg = Debug|Any CPU
		{346BD1C9-4ABF-41B2-98A9-CE650531043F}.Release|.NET.ActiveCfg = Debug|Any CPU
		{346BD1C9-4ABF-41B2-98A9-CE650531043F}.Release|Any CPU.ActiveCfg = Debug|Any CPU
		{346BD1C9-4ABF-41B2-98A9-CE650531043F}.Release|Any CPU.Build.0 = Debug|Any CPU
		{346BD1C9-4ABF-41B2-98A9-CE650531043F}.Release|Mixed Platforms.ActiveCfg = Debug|Any CPU
		{346BD1C9-4ABF-41B2-98A9-CE650531043F}.Release|Mixed Platforms.Build.0 = Debug|Any CPU
		{346BD1C9-4ABF-41B2-98A9-CE650531043F}.Release|x86.ActiveCfg = Debug|Any CPU
		{7E954C6F-7C62-44C1-88A7-195EF5E9E45C}.Debug|.NET.ActiveCfg = Debug|Any CPU
		{7E954C6F-7C62-44C1-88A7-195EF5E9E45C}.Debug|Any CPU.ActiveCfg = Debug|Any CPU
		{7E954C6F-7C62-44C1-88A7-195EF5E9E45C}.Debug|Any CPU.Build.0 = Debug|Any CPU
		{7E954C6F-7C62-44C1-88A7-195EF5E9E45C}.Debug|Mixed Platforms.ActiveCfg = Debug|Any CPU
		{7E954C6F-7C62-44C1-88A7-195EF5E9E45C}.Debug|x86.ActiveCfg = Debug|Any CPU
		{7E954C6F-7C62-44C1-88A7-195EF5E9E45C}.Release|.NET.ActiveCfg = Debug|Any CPU
		{7E954C6F-7C62-44C1-88A7-195EF5E9E45C}.Release|Any CPU.ActiveCfg = Debug|Any CPU
		{7E954C6F-7C62-44C1-88A7-195EF5E9E45C}.Release|Any CPU.Build.0 = Debug|Any CPU
		{7E954C6F-7C62-44C1-88A7-195EF5E9E45C}.Release|Mixed Platforms.ActiveCfg = Debug|Any CPU
		{7E954C6F-7C62-44C1-88A7-195EF5E9E45C}.Release|Mixed Platforms.Build.0 = Debug|Any CPU
		{7E954C6F-7C62-44C1-88A7-195EF5E9E45C}.Release|x86.ActiveCfg = Debug|Any CPU
		{C5E9564D-26DB-417C-9D57-6A136A8AE6BA}.Debug|.NET.ActiveCfg = Debug|x86
		{C5E9564D-26DB-417C-9D57-6A136A8AE6BA}.Debug|Any CPU.ActiveCfg = Debug|x86
		{C5E9564D-26DB-417C-9D57-6A136A8AE6BA}.Debug|Mixed Platforms.ActiveCfg = Debug|x86
		{C5E9564D-26DB-417C-9D57-6A136A8AE6BA}.Debug|Mixed Platforms.Build.0 = Debug|x86
		{C5E9564D-26DB-417C-9D57-6A136A8AE6BA}.Debug|x86.ActiveCfg = Debug|x86
		{C5E9564D-26DB-417C-9D57-6A136A8AE6BA}.Debug|x86.Build.0 = Debug|x86
		{C5E9564D-26DB-417C-9D57-6A136A8AE6BA}.Release|.NET.ActiveCfg = Release|x86
		{C5E9564D-26DB-417C-9D57-6A136A8AE6BA}.Release|Any CPU.ActiveCfg = Release|x86
		{C5E9564D-26DB-417C-9D57-6A136A8AE6BA}.Release|Mixed Platforms.ActiveCfg = Release|x86
		{C5E9564D-26DB-417C-9D57-6A136A8AE6BA}.Release|Mixed Platforms.Build.0 = Release|x86
		{C5E9564D-26DB-417C-9D57-6A136A8AE6BA}.Release|x86.ActiveCfg = Release|x86
		{C5E9564D-26DB-417C-9D57-6A136A8AE6BA}.Release|x86.Build.0 = Release|x86
		{21EB34A1-AB30-42EC-8C9C-9C2F494B52D0}.Debug|.NET.ActiveCfg = Debug|Any CPU
		{21EB34A1-AB30-42EC-8C9C-9C2F494B52D0}.Debug|Any CPU.ActiveCfg = Debug|Any CPU
		{21EB34A1-AB30-42EC-8C9C-9C2F494B52D0}.Debug|Any CPU.Build.0 = Debug|Any CPU
		{21EB34A1-AB30-42EC-8C9C-9C2F494B52D0}.Debug|Mixed Platforms.ActiveCfg = Debug|Any CPU
		{21EB34A1-AB30-42EC-8C9C-9C2F494B52D0}.Debug|Mixed Platforms.Build.0 = Debug|Any CPU
		{21EB34A1-AB30-42EC-8C9C-9C2F494B52D0}.Debug|x86.ActiveCfg = Debug|Any CPU
		{21EB34A1-AB30-42EC-8C9C-9C2F494B52D0}.Release|.NET.ActiveCfg = Release|Any CPU
		{21EB34A1-AB30-42EC-8C9C-9C2F494B52D0}.Release|Any CPU.ActiveCfg = Release|Any CPU
		{21EB34A1-AB30-42EC-8C9C-9C2F494B52D0}.Release|Any CPU.Build.0 = Release|Any CPU
		{21EB34A1-AB30-42EC-8C9C-9C2F494B52D0}.Release|Mixed Platforms.ActiveCfg = Release|Any CPU
		{21EB34A1-AB30-42EC-8C9C-9C2F494B52D0}.Release|Mixed Platforms.Build.0 = Release|Any CPU
		{21EB34A1-AB30-42EC-8C9C-9C2F494B52D0}.Release|x86.ActiveCfg = Release|Any CPU
	EndGlobalSection
	GlobalSection(SolutionProperties) = preSolution
		HideSolutionNode = FALSE
	EndGlobalSection
EndGlobal
